
Microsoft Visual Studio Solution File, Format Version 12.00
# Visual Studio Version 17
VisualStudioVersion = 17.3.32819.101
MinimumVisualStudioVersion = 10.0.40219.1
Project("{FAE04EC0-301F-11D3-BF4B-00C04F79EFBC}") = "misa.hust.ntlam.api", "misa.hust.ntlam.api\misa.hust.ntlam.api.csproj", "{53520DFF-17D8-4B77-85F5-A1CF2369BB00}"
EndProject
Global
	GlobalSection(SolutionConfigurationPlatforms) = preSolution
		Debug|Any CPU = Debug|Any CPU
		Release|Any CPU = Release|Any CPU
	EndGlobalSection
	GlobalSection(ProjectConfigurationPlatforms) = postSolution
		{53520DFF-17D8-4B77-85F5-A1CF2369BB00}.Debug|Any CPU.ActiveCfg = Debug|Any CPU
		{53520DFF-17D8-4B77-85F5-A1CF2369BB00}.Debug|Any CPU.Build.0 = Debug|Any CPU
		{53520DFF-17D8-4B77-85F5-A1CF2369BB00}.Release|Any CPU.ActiveCfg = Release|Any CPU
		{53520DFF-17D8-4B77-85F5-A1CF2369BB00}.Release|Any CPU.Build.0 = Release|Any CPU
	EndGlobalSection
	GlobalSection(SolutionProperties) = preSolution
		HideSolutionNode = FALSE
	EndGlobalSection
	GlobalSection(ExtensibilityGlobals) = postSolution
		SolutionGuid = {ADDDC990-13ED-4A1E-9B58-E21778E0B0BA}
	EndGlobalSection
EndGlobal
